{
  "name": "leetcode",
  "lockfileVersion": 3,
  "requires": true,
  "packages": {
    "": {
      "dependencies": {
        "fswatch": "^0.1.4"
      }
    },
    "node_modules/fswatch": {
      "version": "0.1.4",
      "resolved": "https://registry.npmjs.org/fswatch/-/fswatch-0.1.4.tgz",
      "integrity": "sha512-sneGGnbT5AMM66M6qKFLvo9ybkkO12jOTnrscgwaSaa7b4ncPcP7Ngrn9upXyrXRhBPxWmTia8ooS6QIBdW9Uw==",
      "dependencies": {
        "yanlibs": ">=0.1.4"
      },
      "engines": {
        "node": ">=0.4.0"
      }
    },
    "node_modules/yanlibs": {
      "version": "0.1.4",
      "resolved": "https://registry.npmjs.org/yanlibs/-/yanlibs-0.1.4.tgz",
      "integrity": "sha512-I3UgOOMkQrWY2F5C/yDcWoECn2s0QjbLyQRj0oggUp/ebPahN05yeNHr+kn/AURqZ6fN7LmFa3P4RKYjCzJveA==",
      "engines": {
        "node": ">=0.4.0"
      }
    }
  }
}
